
Microsoft Visual Studio Solution File, Format Version 12.00
# Visual Studio Version 17
VisualStudioVersion = 17.13.35825.156 d17.13
MinimumVisualStudioVersion = 10.0.40219.1
Project("{FAE04EC0-301F-11D3-BF4B-00C04F79EFBC}") = "AirlineReservationConsoleSystem", "AirlineReservationConsoleSystem.csproj", "{67916305-D3CE-4407-AD05-6CEFFA3C7072}"
EndProject
Global
	GlobalSection(SolutionConfigurationPlatforms) = preSolution
		Debug|Any CPU = Debug|Any CPU
		Release|Any CPU = Release|Any CPU
	EndGlobalSection
	GlobalSection(ProjectConfigurationPlatforms) = postSolution
		{67916305-D3CE-4407-AD05-6CEFFA3C7072}.Debug|Any CPU.ActiveCfg = Debug|Any CPU
		{67916305-D3CE-4407-AD05-6CEFFA3C7072}.Debug|Any CPU.Build.0 = Debug|Any CPU
		{67916305-D3CE-4407-AD05-6CEFFA3C7072}.Release|Any CPU.ActiveCfg = Release|Any CPU
		{67916305-D3CE-4407-AD05-6CEFFA3C7072}.Release|Any CPU.Build.0 = Release|Any CPU
	EndGlobalSection
	GlobalSection(SolutionProperties) = preSolution
		HideSolutionNode = FALSE
	EndGlobalSection
	GlobalSection(ExtensibilityGlobals) = postSolution
		SolutionGuid = {58F5EF76-6EDC-4576-9915-63AA343C61FB}
	EndGlobalSection
EndGlobal
